
Microsoft Visual Studio Solution File, Format Version 12.00
# Visual Studio Version 16
VisualStudioVersion = 16.0.30711.63
MinimumVisualStudioVersion = 10.0.40219.1
Project("{FAE04EC0-301F-11D3-BF4B-00C04F79EFBC}") = "CG_Project_4", "CG_Project_4\CG_Project_4.csproj", "{68FAFAAA-690C-4C47-AAC5-5529150DB23A}"
EndProject
Global
	GlobalSection(SolutionConfigurationPlatforms) = preSolution
		Debug|Any CPU = Debug|Any CPU
		Release|Any CPU = Release|Any CPU
	EndGlobalSection
	GlobalSection(ProjectConfigurationPlatforms) = postSolution
		{68FAFAAA-690C-4C47-AAC5-5529150DB23A}.Debug|Any CPU.ActiveCfg = Debug|Any CPU
		{68FAFAAA-690C-4C47-AAC5-5529150DB23A}.Debug|Any CPU.Build.0 = Debug|Any CPU
		{68FAFAAA-690C-4C47-AAC5-5529150DB23A}.Release|Any CPU.ActiveCfg = Release|Any CPU
		{68FAFAAA-690C-4C47-AAC5-5529150DB23A}.Release|Any CPU.Build.0 = Release|Any CPU
	EndGlobalSection
	GlobalSection(SolutionProperties) = preSolution
		HideSolutionNode = FALSE
	EndGlobalSection
	GlobalSection(ExtensibilityGlobals) = postSolution
		SolutionGuid = {22B4E845-AB45-44B2-A184-70B387FCDC8A}
	EndGlobalSection
EndGlobal
